Microsoft Visual Studio Solution File, Format Version 11.00
# Visual Studio 2008

Project("{ECE4E042-A5AE-DD71-F6ED-0A0EE440D68A}") = "Game4Fun", "Assembly-CSharp.csproj", "{D170EE2B-F986-1757-B4A5-0C70CA90E017}"
EndProject
Global
	GlobalSection(SolutionConfigurationPlatforms) = preSolution
		Debug|Any CPU = Debug|Any CPU
		Release|Any CPU = Release|Any CPU
	EndGlobalSection
	GlobalSection(ProjectConfigurationPlatforms) = postSolution
		{D170EE2B-F986-1757-B4A5-0C70CA90E017}.Debug|Any CPU.ActiveCfg = Debug|Any CPU
		{D170EE2B-F986-1757-B4A5-0C70CA90E017}.Debug|Any CPU.Build.0 = Debug|Any CPU
		{D170EE2B-F986-1757-B4A5-0C70CA90E017}.Release|Any CPU.ActiveCfg = Release|Any CPU
		{D170EE2B-F986-1757-B4A5-0C70CA90E017}.Release|Any CPU.Build.0 = Release|Any CPU
	EndGlobalSection
	GlobalSection(SolutionProperties) = preSolution
		HideSolutionNode = FALSE
	EndGlobalSection
	GlobalSection(MonoDevelopProperties) = preSolution
		StartupItem = Assembly-CSharp.csproj
	EndGlobalSection
EndGlobal
